# This file is @generated by PDM.
# It is not intended for manual editing.

[metadata]
groups = ["default"]
strategy = ["inherit_metadata"]
lock_version = "4.5.0"
content_hash = "sha256:9d3b964a934cbcd55d7ec49df4b635cfb698594f03acc1b8b0405acc160e1d18"

[[metadata.targets]]
requires_python = "==3.9.*"

[[package]]
name = "click"
version = "8.1.8"
requires_python = ">=3.7"
summary = "Composable command line interface toolkit"
groups = ["default"]
dependencies = [
    "colorama; platform_system == \"Windows\"",
    "importlib-metadata; python_version < \"3.8\"",
]
files = [
    {file = "click-8.1.8-py3-none-any.whl", hash = "sha256:63c132bbbed01578a06712a2d1f497bb62d9c1c0d329b7903a866228027263b2"},
    {file = "click-8.1.8.tar.gz", hash = "sha256:ed53c9d8990d83c2a27deae68e4ee337473f6330c040a31d4225c9574d16096a"},
]

[[package]]
name = "colorama"
version = "0.4.6"
requires_python = "!=3.0.*,!=3.1.*,!=3.2.*,!=3.3.*,!=3.4.*,!=3.5.*,!=3.6.*,>=2.7"
summary = "Cross-platform colored terminal text."
groups = ["default"]
marker = "platform_system == \"Windows\""
files = [
    {file = "colorama-0.4.6-py2.py3-none-any.whl", hash = "sha256:4f1d9991f5acc0ca119f9d443620b77f9d6b33703e51011c16baf57afb285fc6"},
    {file = "colorama-0.4.6.tar.gz", hash = "sha256:08695f5cb7ed6e0531a20572697297273c47b8cae5a63ffc6d6ed5c201be6e44"},
]

[[package]]
name = "pyqt6"
version = "6.4.2"
requires_python = ">=3.6.1"
summary = "Python bindings for the Qt cross platform application toolkit"
groups = ["default"]
dependencies = [
    "PyQt6-Qt6>=6.4.0",
    "PyQt6-sip<14,>=13.4",
]
files = [
    {file = "PyQt6-6.4.2-cp37-abi3-macosx_10_14_universal2.whl", hash = "sha256:c128bc0f17833e324593e3db83e99470d451a197dd17ff0333927b946c935bd9"},
    {file = "PyQt6-6.4.2-cp37-abi3-manylinux_2_28_x86_64.whl", hash = "sha256:18d1daf98d9236d55102cdadafd1056f5802f3c9288fcf7238569937b71a89f0"},
    {file = "PyQt6-6.4.2-cp37-abi3-win_amd64.whl", hash = "sha256:25bd399b4a95dce65d5f937c1aa85d3c7e14a21745ae2a4ca14c0116cd104290"},
    {file = "PyQt6-6.4.2.tar.gz", hash = "sha256:740244f608fe15ee1d89695c43f31a14caeca41c4f02ac36c86dfba4a5d5813d"},
]

[[package]]
name = "pyqt6-plugins"
version = "6.4.2.2.3"
requires_python = ">=3.7"
summary = "PyQt Designer and QML plugins"
groups = ["default"]
dependencies = [
    "click",
    "pyqt6-qt6==6.4.3",
    "pyqt6==6.4.2",
    "qt6-tools<6.4.3.2,>=6.4.3.1.2",
]
files = [
    {file = "pyqt6_plugins-6.4.2.2.3-cp39-cp39-macosx_11_0_x86_64.whl", hash = "sha256:bea5caa5821f540c4577b1eb22723bd2c150792c2c69292518d899d25cb2a8e0"},
    {file = "pyqt6_plugins-6.4.2.2.3-cp39-cp39-manylinux2014_x86_64.whl", hash = "sha256:caac3299a28b1207c4844a4e89b0f4402cab2673a66e9bf46459786e45090b0a"},
    {file = "pyqt6_plugins-6.4.2.2.3-cp39-cp39-win_amd64.whl", hash = "sha256:07985e1289ca066c5e467303f34e31ff56fe217a85535b77ba72d7f7f5d9b7a2"},
]

[[package]]
name = "pyqt6-qt6"
version = "6.4.3"
summary = "The subset of a Qt installation needed by PyQt6."
groups = ["default"]
files = [
    {file = "PyQt6_Qt6-6.4.3-py3-none-macosx_10_14_x86_64.whl", hash = "sha256:b133bbc53e1cc05aafd78bfd3a577826481a976021d041c1c57d7dadc7de1c11"},
    {file = "PyQt6_Qt6-6.4.3-py3-none-macosx_11_0_arm64.whl", hash = "sha256:27cc19976c872ae7111fcab8a9e9eae8c5ec5e55bfb6938a379551148b85f5b0"},
    {file = "PyQt6_Qt6-6.4.3-py3-none-manylinux_2_28_x86_64.whl", hash = "sha256:96f30cca49af18f6863c66576b90f2f29987dc35397994d0575b197226c5b328"},
    {file = "PyQt6_Qt6-6.4.3-py3-none-win_amd64.whl", hash = "sha256:b0151097aa93235676c0f83ce23916ee31ca8584bd1b45923725068404542cc2"},
]

[[package]]
name = "pyqt6-sip"
version = "13.10.0"
requires_python = ">=3.9"
summary = "The sip module support for PyQt6"
groups = ["default"]
files = [
    {file = "PyQt6_sip-13.10.0-cp39-cp39-macosx_10_9_universal2.whl", hash = "sha256:5f026a1278f9c2a745542d4a05350f2392d4cf339275fb8efccb47b0f213d120"},
    {file = "PyQt6_sip-13.10.0-cp39-cp39-manylinux_2_17_aarch64.manylinux2014_aarch64.whl", hash = "sha256:548c70bc40d993be0eb011e1bbc41ba7c95f6af375613b58217f39ad8d703345"},
    {file = "PyQt6_sip-13.10.0-cp39-cp39-manylinux_2_5_x86_64.manylinux1_x86_64.whl", hash = "sha256:21417ffd2c489afef114cb09683bbc0fb24d78df848a21fc0d09e70ecbb0a4a4"},
    {file = "PyQt6_sip-13.10.0-cp39-cp39-win_amd64.whl", hash = "sha256:6e1b1f7a29290afc83bcd9970e0cffa2d0da87d81796b6eab7b6f583e4f49652"},
    {file = "pyqt6_sip-13.10.0.tar.gz", hash = "sha256:d6daa95a0bd315d9ec523b549e0ce97455f61ded65d5eafecd83ed2aa4ae5350"},
]

[[package]]
name = "pyqt6-tools"
version = "6.4.2.3.3"
requires_python = ">=3.7"
summary = "PyQt Designer and QML plugins"
groups = ["default"]
dependencies = [
    "click",
    "pyqt6-plugins<6.4.2.3,>=6.4.2.2.2",
    "pyqt6==6.4.2",
    "python-dotenv",
]
files = [
    {file = "pyqt6_tools-6.4.2.3.3-py3-none-any.whl", hash = "sha256:dfeea682e64fb757f447328742402682eaba9784faf25ceedbd6e38e3d8871b7"},
]

[[package]]
name = "python-dotenv"
version = "1.0.1"
requires_python = ">=3.8"
summary = "Read key-value pairs from a .env file and set them as environment variables"
groups = ["default"]
files = [
    {file = "python-dotenv-1.0.1.tar.gz", hash = "sha256:e324ee90a023d808f1959c46bcbc04446a10ced277783dc6ee09987c37ec10ca"},
    {file = "python_dotenv-1.0.1-py3-none-any.whl", hash = "sha256:f7b63ef50f1b690dddf550d03497b66d609393b40b564ed0d674909a68ebf16a"},
]

[[package]]
name = "qt6-applications"
version = "6.4.3.2.3"
requires_python = ">=3.7"
summary = "The collection of Qt tools easily installable in Python"
groups = ["default"]
files = [
    {file = "qt6_applications-6.4.3.2.3-py3-none-macosx_10_14_universal2.whl", hash = "sha256:aa4d1562ab154e32809045a08b7c2cd6fe86f061bbbe179eaba3580397168005"},
    {file = "qt6_applications-6.4.3.2.3-py3-none-manylinux_2_17_x86_64.whl", hash = "sha256:f9c47faf46a71cf1b61b6ffd1908783454c99742fbfd59c49d523f29f035467e"},
    {file = "qt6_applications-6.4.3.2.3-py3-none-win_amd64.whl", hash = "sha256:029a24611a45fa77a403476ce1a54f3046ef4bde5cfaa5ee6477dc17f8053be2"},
]

[[package]]
name = "qt6-tools"
version = "6.4.3.1.3"
requires_python = ">=3.7"
summary = "Wrappers for the raw Qt programs from qt6-applications"
groups = ["default"]
dependencies = [
    "click",
    "qt6-applications<6.4.3.3,>=6.4.3.2.2",
]
files = [
    {file = "qt6_tools-6.4.3.1.3-py3-none-any.whl", hash = "sha256:dd01cdf830ec8a14f353b7f6d0b81eb4d7472b86f9fa8e872c8ed9c3465726e3"},
]

[[package]]
name = "setuptools"
version = "75.8.0"
requires_python = ">=3.9"
summary = "Easily download, build, install, upgrade, and uninstall Python packages"
groups = ["default"]
files = [
    {file = "setuptools-75.8.0-py3-none-any.whl", hash = "sha256:e3982f444617239225d675215d51f6ba05f845d4eec313da4418fdbb56fb27e3"},
    {file = "setuptools-75.8.0.tar.gz", hash = "sha256:c5afc8f407c626b8313a86e10311dd3f661c6cd9c09d4bf8c15c0e11f9f2b0e6"},
]

[[package]]
name = "sly"
version = "0.5"
git = "https://github.com/dabeaz/sly.git"
ref = "1.5"
revision = "40009882310b6f1022ab050ff7bf6025500ee45c"
summary = "\"SLY - Sly Lex Yacc\""
groups = ["default"]
